{
  "name": "hakivo-workers",
  "version": "1.0.0",
  "lockfileVersion": 3,
  "requires": true,
  "packages": {
    "": {
      "name": "hakivo-workers",
      "version": "1.0.0",
      "dependencies": {
        "raindrop": "latest"
      },
      "devDependencies": {
        "@types/node": "^20.0.0",
        "typescript": "^5.0.0"
      }
    },
    "node_modules/@types/node": {
      "version": "20.19.24",
      "resolved": "https://registry.npmjs.org/@types/node/-/node-20.19.24.tgz",
      "integrity": "sha512-FE5u0ezmi6y9OZEzlJfg37mqqf6ZDSF2V/NLjUyGrR9uTZ7Sb9F7bLNZ03S4XVUNRWGA7Ck4c1kK+YnuWjl+DA==",
      "dev": true,
      "license": "MIT",
      "dependencies": {
        "undici-types": "~6.21.0"
      }
    },
    "node_modules/bignumber.js": {
      "version": "2.4.0",
      "resolved": "https://registry.npmjs.org/bignumber.js/-/bignumber.js-2.4.0.tgz",
      "integrity": "sha512-uw4ra6Cv483Op/ebM0GBKKfxZlSmn6NgFRby5L3yGTlunLj53KQgndDlqy2WVFOwgvurocApYkSud0aO+mvrpQ==",
      "license": "MIT",
      "engines": {
        "node": "*"
      }
    },
    "node_modules/int-encoder": {
      "version": "1.1.1",
      "resolved": "https://registry.npmjs.org/int-encoder/-/int-encoder-1.1.1.tgz",
      "integrity": "sha512-Kzl9X7IGyyZlxaQvgEfNECDN610TPnOJjUVcJbHEhU1OU95ljfMLgMJIUtgEoiQrdsXlZRzg5wTE4/BGM8+O/A==",
      "license": "UNLICENSED",
      "dependencies": {
        "bignumber.js": "^2.4.0"
      },
      "engines": {
        "node": ">= 0.6.0"
      }
    },
    "node_modules/raindrop": {
      "version": "1.0.3",
      "resolved": "https://registry.npmjs.org/raindrop/-/raindrop-1.0.3.tgz",
      "integrity": "sha512-Lh8t90fxEkb3hcIfQYvj21GV7n+Cv/S7qLM6SjQf6HhuEk5oAlu9mVeC+sO95DbAsN9TYkXkGtRWP/6ACsTU5w==",
      "license": "MIT",
      "dependencies": {
        "int-encoder": "^1.0.0"
      },
      "engines": {
        "node": ">=4.2"
      }
    },
    "node_modules/typescript": {
      "version": "5.9.3",
      "resolved": "https://registry.npmjs.org/typescript/-/typescript-5.9.3.tgz",
      "integrity": "sha512-jl1vZzPDinLr9eUt3J/t7V6FgNEw9QjvBPdysz9KfQDD41fQrC2Y4vKQdiaUpFT4bXlb1RHhLpp8wtm6M5TgSw==",
      "dev": true,
      "license": "Apache-2.0",
      "bin": {
        "tsc": "bin/tsc",
        "tsserver": "bin/tsserver"
      },
      "engines": {
        "node": ">=14.17"
      }
    },
    "node_modules/undici-types": {
      "version": "6.21.0",
      "resolved": "https://registry.npmjs.org/undici-types/-/undici-types-6.21.0.tgz",
      "integrity": "sha512-iwDZqg0QAGrg9Rav5H4n0M64c3mkR59cJ6wQp+7C4nI0gsmExaedaYLNO44eT4AtBBwjbTiGPMlt2Md0T9H9JQ==",
      "dev": true,
      "license": "MIT"
    }
  }
}
